
Microsoft Visual Studio Solution File, Format Version 12.00
# Visual Studio Version 17
VisualStudioVersion = 17.0.32126.317
MinimumVisualStudioVersion = 10.0.40219.1
Project("{9A19103F-16F7-4668-BE54-9A1E7A4F7556}") = "Gizmo.DAL.EFCore", "Gizmo.DAL.EFCore\Gizmo.DAL.EFCore.csproj", "{3911321E-52A4-440E-AC21-A9297C62076C}"
EndProject
Project("{9A19103F-16F7-4668-BE54-9A1E7A4F7556}") = "Gizmo.DAL.Entities", "..\Gizmo.DAL.Entities\Gizmo.DAL.Entities.csproj", "{601C05AD-EE0B-4B2A-88F5-FBFDF285FDCD}"
EndProject
Project("{9A19103F-16F7-4668-BE54-9A1E7A4F7556}") = "DataInterfaces", "..\DataInterfaces\DataInterfaces\DataInterfaces.csproj", "{15A24B09-6E02-4733-8255-9C13E78DE459}"
EndProject
Project("{9A19103F-16F7-4668-BE54-9A1E7A4F7556}") = "Gizmo.DAL", "Gizmo.DAL\Gizmo.DAL.csproj", "{EF3D9EAA-753F-4B01-B89F-AB88777D4CFE}"
EndProject
Project("{9A19103F-16F7-4668-BE54-9A1E7A4F7556}") = "Gizmo.DAL.EFCore.Migrations.MSSQL", "Gizmo.DAL.EFCore.Migrations.MSSQL\Gizmo.DAL.EFCore.Migrations.MSSQL.csproj", "{D2F78723-7F5F-44F4-BA60-43A8C0B2260B}"
EndProject
Project("{FAE04EC0-301F-11D3-BF4B-00C04F79EFBC}") = "Gizmo.DAL.EFCore.Migrations.MySQL", "Gizmo.DAL.EFCore.Migrations.MySQL\Gizmo.DAL.EFCore.Migrations.MySQL.csproj", "{B99E44EE-8FA7-4DC9-97F9-1C288824CA36}"
EndProject
Project("{FAE04EC0-301F-11D3-BF4B-00C04F79EFBC}") = "Gizmo.DAL.EFCore.Migrations.Sqlit", "Gizmo.DAL.EFCore.Migrations.Sqlit\Gizmo.DAL.EFCore.Migrations.Sqlit.csproj", "{5DAB028D-004F-440B-A5F0-C7368111E3DA}"
EndProject
Project("{FAE04EC0-301F-11D3-BF4B-00C04F79EFBC}") = "Gizmo.DAL.EFCore.Migrations.Npgsql", "Gizmo.DAL.EFCore.Migrations.Npgsql\Gizmo.DAL.EFCore.Migrations.Npgsql.csproj", "{F13D0818-8674-4002-9E68-ECB4C9B1AD65}"
EndProject
Global
	GlobalSection(SolutionConfigurationPlatforms) = preSolution
		Debug|Any CPU = Debug|Any CPU
		Release|Any CPU = Release|Any CPU
	EndGlobalSection
	GlobalSection(ProjectConfigurationPlatforms) = postSolution
		{3911321E-52A4-440E-AC21-A9297C62076C}.Debug|Any CPU.ActiveCfg = Debug|Any CPU
		{3911321E-52A4-440E-AC21-A9297C62076C}.Debug|Any CPU.Build.0 = Debug|Any CPU
		{3911321E-52A4-440E-AC21-A9297C62076C}.Release|Any CPU.ActiveCfg = Release|Any CPU
		{3911321E-52A4-440E-AC21-A9297C62076C}.Release|Any CPU.Build.0 = Release|Any CPU
		{601C05AD-EE0B-4B2A-88F5-FBFDF285FDCD}.Debug|Any CPU.ActiveCfg = Debug|Any CPU
		{601C05AD-EE0B-4B2A-88F5-FBFDF285FDCD}.Debug|Any CPU.Build.0 = Debug|Any CPU
		{601C05AD-EE0B-4B2A-88F5-FBFDF285FDCD}.Release|Any CPU.ActiveCfg = Release|Any CPU
		{601C05AD-EE0B-4B2A-88F5-FBFDF285FDCD}.Release|Any CPU.Build.0 = Release|Any CPU
		{15A24B09-6E02-4733-8255-9C13E78DE459}.Debug|Any CPU.ActiveCfg = Debug|Any CPU
		{15A24B09-6E02-4733-8255-9C13E78DE459}.Debug|Any CPU.Build.0 = Debug|Any CPU
		{15A24B09-6E02-4733-8255-9C13E78DE459}.Release|Any CPU.ActiveCfg = Release|Any CPU
		{15A24B09-6E02-4733-8255-9C13E78DE459}.Release|Any CPU.Build.0 = Release|Any CPU
		{EF3D9EAA-753F-4B01-B89F-AB88777D4CFE}.Debug|Any CPU.ActiveCfg = Debug|Any CPU
		{EF3D9EAA-753F-4B01-B89F-AB88777D4CFE}.Debug|Any CPU.Build.0 = Debug|Any CPU
		{EF3D9EAA-753F-4B01-B89F-AB88777D4CFE}.Release|Any CPU.ActiveCfg = Release|Any CPU
		{EF3D9EAA-753F-4B01-B89F-AB88777D4CFE}.Release|Any CPU.Build.0 = Release|Any CPU
		{D2F78723-7F5F-44F4-BA60-43A8C0B2260B}.Debug|Any CPU.ActiveCfg = Debug|Any CPU
		{D2F78723-7F5F-44F4-BA60-43A8C0B2260B}.Debug|Any CPU.Build.0 = Debug|Any CPU
		{D2F78723-7F5F-44F4-BA60-43A8C0B2260B}.Release|Any CPU.ActiveCfg = Release|Any CPU
		{D2F78723-7F5F-44F4-BA60-43A8C0B2260B}.Release|Any CPU.Build.0 = Release|Any CPU
		{B99E44EE-8FA7-4DC9-97F9-1C288824CA36}.Debug|Any CPU.ActiveCfg = Debug|Any CPU
		{B99E44EE-8FA7-4DC9-97F9-1C288824CA36}.Debug|Any CPU.Build.0 = Debug|Any CPU
		{B99E44EE-8FA7-4DC9-97F9-1C288824CA36}.Release|Any CPU.ActiveCfg = Release|Any CPU
		{B99E44EE-8FA7-4DC9-97F9-1C288824CA36}.Release|Any CPU.Build.0 = Release|Any CPU
		{5DAB028D-004F-440B-A5F0-C7368111E3DA}.Debug|Any CPU.ActiveCfg = Debug|Any CPU
		{5DAB028D-004F-440B-A5F0-C7368111E3DA}.Debug|Any CPU.Build.0 = Debug|Any CPU
		{5DAB028D-004F-440B-A5F0-C7368111E3DA}.Release|Any CPU.ActiveCfg = Release|Any CPU
		{5DAB028D-004F-440B-A5F0-C7368111E3DA}.Release|Any CPU.Build.0 = Release|Any CPU
		{F13D0818-8674-4002-9E68-ECB4C9B1AD65}.Debug|Any CPU.ActiveCfg = Debug|Any CPU
		{F13D0818-8674-4002-9E68-ECB4C9B1AD65}.Debug|Any CPU.Build.0 = Debug|Any CPU
		{F13D0818-8674-4002-9E68-ECB4C9B1AD65}.Release|Any CPU.ActiveCfg = Release|Any CPU
		{F13D0818-8674-4002-9E68-ECB4C9B1AD65}.Release|Any CPU.Build.0 = Release|Any CPU
	EndGlobalSection
	GlobalSection(SolutionProperties) = preSolution
		HideSolutionNode = FALSE
	EndGlobalSection
	GlobalSection(ExtensibilityGlobals) = postSolution
		SolutionGuid = {7047766D-84F3-4B6B-990A-905FA801F1A8}
	EndGlobalSection
EndGlobal
