
Microsoft Visual Studio Solution File, Format Version 12.00
# Visual Studio Version 16
VisualStudioVersion = 16.0.30717.126
MinimumVisualStudioVersion = 10.0.40219.1
Project("{9A19103F-16F7-4668-BE54-9A1E7A4F7556}") = "Gizmo.DAL", "Gizmo.DAL.csproj", "{3911321E-52A4-440E-AC21-A9297C62076C}"
EndProject
Project("{9A19103F-16F7-4668-BE54-9A1E7A4F7556}") = "Gizmo.DAL.Entities", "..\Gizmo.DAL.Entities\Gizmo.DAL.Entities.csproj", "{601C05AD-EE0B-4B2A-88F5-FBFDF285FDCD}"
EndProject
Project("{9A19103F-16F7-4668-BE54-9A1E7A4F7556}") = "DataInterfaces", "..\DataInterfaces\DataInterfaces\DataInterfaces.csproj", "{15A24B09-6E02-4733-8255-9C13E78DE459}"
EndProject
Global
	GlobalSection(SolutionConfigurationPlatforms) = preSolution
		Debug|Any CPU = Debug|Any CPU
		NET_5_DEBUG|Any CPU = NET_5_DEBUG|Any CPU
		NET_5_RELEASE|Any CPU = NET_5_RELEASE|Any CPU
		Release|Any CPU = Release|Any CPU
	EndGlobalSection
	GlobalSection(ProjectConfigurationPlatforms) = postSolution
		{3911321E-52A4-440E-AC21-A9297C62076C}.Debug|Any CPU.ActiveCfg = Debug|Any CPU
		{3911321E-52A4-440E-AC21-A9297C62076C}.Debug|Any CPU.Build.0 = Debug|Any CPU
		{3911321E-52A4-440E-AC21-A9297C62076C}.NET_5_DEBUG|Any CPU.ActiveCfg = NET_5_DEBUG|Any CPU
		{3911321E-52A4-440E-AC21-A9297C62076C}.NET_5_DEBUG|Any CPU.Build.0 = NET_5_DEBUG|Any CPU
		{3911321E-52A4-440E-AC21-A9297C62076C}.NET_5_RELEASE|Any CPU.ActiveCfg = NET_5_RELEASE|Any CPU
		{3911321E-52A4-440E-AC21-A9297C62076C}.NET_5_RELEASE|Any CPU.Build.0 = NET_5_RELEASE|Any CPU
		{3911321E-52A4-440E-AC21-A9297C62076C}.Release|Any CPU.ActiveCfg = Release|Any CPU
		{3911321E-52A4-440E-AC21-A9297C62076C}.Release|Any CPU.Build.0 = Release|Any CPU
		{601C05AD-EE0B-4B2A-88F5-FBFDF285FDCD}.Debug|Any CPU.ActiveCfg = Debug|Any CPU
		{601C05AD-EE0B-4B2A-88F5-FBFDF285FDCD}.Debug|Any CPU.Build.0 = Debug|Any CPU
		{601C05AD-EE0B-4B2A-88F5-FBFDF285FDCD}.NET_5_DEBUG|Any CPU.ActiveCfg = NET_5_DEBUG|Any CPU
		{601C05AD-EE0B-4B2A-88F5-FBFDF285FDCD}.NET_5_DEBUG|Any CPU.Build.0 = NET_5_DEBUG|Any CPU
		{601C05AD-EE0B-4B2A-88F5-FBFDF285FDCD}.NET_5_RELEASE|Any CPU.ActiveCfg = NET_5_RELEASE|Any CPU
		{601C05AD-EE0B-4B2A-88F5-FBFDF285FDCD}.NET_5_RELEASE|Any CPU.Build.0 = NET_5_RELEASE|Any CPU
		{601C05AD-EE0B-4B2A-88F5-FBFDF285FDCD}.Release|Any CPU.ActiveCfg = Release|Any CPU
		{601C05AD-EE0B-4B2A-88F5-FBFDF285FDCD}.Release|Any CPU.Build.0 = Release|Any CPU
		{15A24B09-6E02-4733-8255-9C13E78DE459}.Debug|Any CPU.ActiveCfg = Debug|Any CPU
		{15A24B09-6E02-4733-8255-9C13E78DE459}.Debug|Any CPU.Build.0 = Debug|Any CPU
		{15A24B09-6E02-4733-8255-9C13E78DE459}.NET_5_DEBUG|Any CPU.ActiveCfg = NET_5_WIN_DEBUG|Any CPU
		{15A24B09-6E02-4733-8255-9C13E78DE459}.NET_5_DEBUG|Any CPU.Build.0 = NET_5_WIN_DEBUG|Any CPU
		{15A24B09-6E02-4733-8255-9C13E78DE459}.NET_5_RELEASE|Any CPU.ActiveCfg = NET_5_WIN_RELEASE|Any CPU
		{15A24B09-6E02-4733-8255-9C13E78DE459}.NET_5_RELEASE|Any CPU.Build.0 = NET_5_WIN_RELEASE|Any CPU
		{15A24B09-6E02-4733-8255-9C13E78DE459}.Release|Any CPU.ActiveCfg = Release|Any CPU
		{15A24B09-6E02-4733-8255-9C13E78DE459}.Release|Any CPU.Build.0 = Release|Any CPU
	EndGlobalSection
	GlobalSection(SolutionProperties) = preSolution
		HideSolutionNode = FALSE
	EndGlobalSection
	GlobalSection(ExtensibilityGlobals) = postSolution
		SolutionGuid = {7047766D-84F3-4B6B-990A-905FA801F1A8}
	EndGlobalSection
EndGlobal
